
Microsoft Visual Studio Solution File, Format Version 12.00
# Visual Studio Version 18
VisualStudioVersion = 18.2.11415.280 d18.0
MinimumVisualStudioVersion = 10.0.40219.1
Project("{FAE04EC0-301F-11D3-BF4B-00C04F79EFBC}") = "ProjectPlanner", "ProjectPlanner.csproj", "{F8FA5F31-E55D-DD64-F7B5-1565B7D1FFAC}"
EndProject
Global
	GlobalSection(SolutionConfigurationPlatforms) = preSolution
		Debug|Any CPU = Debug|Any CPU
		Release|Any CPU = Release|Any CPU
	EndGlobalSection
	GlobalSection(ProjectConfigurationPlatforms) = postSolution
		{F8FA5F31-E55D-DD64-F7B5-1565B7D1FFAC}.Debug|Any CPU.ActiveCfg = Debug|Any CPU
		{F8FA5F31-E55D-DD64-F7B5-1565B7D1FFAC}.Debug|Any CPU.Build.0 = Debug|Any CPU
		{F8FA5F31-E55D-DD64-F7B5-1565B7D1FFAC}.Release|Any CPU.ActiveCfg = Release|Any CPU
		{F8FA5F31-E55D-DD64-F7B5-1565B7D1FFAC}.Release|Any CPU.Build.0 = Release|Any CPU
	EndGlobalSection
	GlobalSection(SolutionProperties) = preSolution
		HideSolutionNode = FALSE
	EndGlobalSection
	GlobalSection(ExtensibilityGlobals) = postSolution
		SolutionGuid = {EAAF2705-CE36-4AC2-80BF-A0412B29ACBD}
	EndGlobalSection
EndGlobal
